// !$*UTF8*$!
{
	archiveVersion = 1;
	classes = {
	};
	objectVersion = 51;
	objects = {

/* Begin PBXBuildFile section */
		3F0AF9D725F2B4450025519D /* AppDelegate.swift in Sources */ = {isa = PBXBuildFile; fileRef = 3F0AF9D625F2B4450025519D /* AppDelegate.swift */; };
		3F0AF9D925F2B4450025519D /* SceneDelegate.swift in Sources */ = {isa = PBXBuildFile; fileRef = 3F0AF9D825F2B4450025519D /* SceneDelegate.swift */; };
		3F0AF9DB25F2B4450025519D /* ViewController.swift in Sources */ = {isa = PBXBuildFile; fileRef = 3F0AF9DA25F2B4450025519D /* ViewController.swift */; };
		3F0AF9DE25F2B4450025519D /* Main.storyboard in Resources */ = {isa = PBXBuildFile; fileRef = 3F0AF9DC25F2B4450025519D /* Main.storyboard */; };
		3F0AF9E125F2B4450025519D /* FetchRewardsZHL.xcdatamodeld in Sources */ = {isa = PBXBuildFile; fileRef = 3F0AF9DF25F2B4450025519D /* FetchRewardsZHL.xcdatamodeld */; };
		3F0AF9E325F2B4480025519D /* Assets.xcassets in Resources */ = {isa = PBXBuildFile; fileRef = 3F0AF9E225F2B4480025519D /* Assets.xcassets */; };
		3F0AF9E625F2B4480025519D /* LaunchScreen.storyboard in Resources */ = {isa = PBXBuildFile; fileRef = 3F0AF9E425F2B4480025519D /* LaunchScreen.storyboard */; };
		3F0AFA2425F2B7940025519D /* Endpoints.swift in Sources */ = {isa = PBXBuildFile; fileRef = 3F0AFA1C25F2B7930025519D /* Endpoints.swift */; };
		3F0AFA2525F2B7940025519D /* Endpoints.swift in Sources */ = {isa = PBXBuildFile; fileRef = 3F0AFA1C25F2B7930025519D /* Endpoints.swift */; };
		3F0AFA2625F2B7940025519D /* DataManager.swift in Sources */ = {isa = PBXBuildFile; fileRef = 3F0AFA1D25F2B7930025519D /* DataManager.swift */; };
		3F0AFA2725F2B7940025519D /* DataManager.swift in Sources */ = {isa = PBXBuildFile; fileRef = 3F0AFA1D25F2B7930025519D /* DataManager.swift */; };
		3F0AFA2A25F2B7940025519D /* EventsManager.swift in Sources */ = {isa = PBXBuildFile; fileRef = 3F0AFA1F25F2B7940025519D /* EventsManager.swift */; };
		3F0AFA2B25F2B7940025519D /* EventsManager.swift in Sources */ = {isa = PBXBuildFile; fileRef = 3F0AFA1F25F2B7940025519D /* EventsManager.swift */; };
		3F0AFA2E25F2B7940025519D /* EventResponse.swift in Sources */ = {isa = PBXBuildFile; fileRef = 3F0AFA2125F2B7940025519D /* EventResponse.swift */; };
		3F0AFA2F25F2B7940025519D /* EventResponse.swift in Sources */ = {isa = PBXBuildFile; fileRef = 3F0AFA2125F2B7940025519D /* EventResponse.swift */; };
		3F0AFA3025F2B7940025519D /* Response.swift in Sources */ = {isa = PBXBuildFile; fileRef = 3F0AFA2225F2B7940025519D /* Response.swift */; };
		3F0AFA3125F2B7940025519D /* Response.swift in Sources */ = {isa = PBXBuildFile; fileRef = 3F0AFA2225F2B7940025519D /* Response.swift */; };
		3F0AFA4A25F2BBC10025519D /* TableViewCell.swift in Sources */ = {isa = PBXBuildFile; fileRef = 3F0AFA4925F2BBC10025519D /* TableViewCell.swift */; };
		3F0AFA4B25F2BBC10025519D /* TableViewCell.swift in Sources */ = {isa = PBXBuildFile; fileRef = 3F0AFA4925F2BBC10025519D /* TableViewCell.swift */; };
		3F0AFA4C25F2BBC10025519D /* TableViewCell.swift in Sources */ = {isa = PBXBuildFile; fileRef = 3F0AFA4925F2BBC10025519D /* TableViewCell.swift */; };
		3F0AFA5B25F2C2A00025519D /* Constant.swift in Sources */ = {isa = PBXBuildFile; fileRef = 3F0AFA5A25F2C2A00025519D /* Constant.swift */; };
		3F0AFA6325F305BA0025519D /* VenueResponse.swift in Sources */ = {isa = PBXBuildFile; fileRef = 3F0AFA6225F305BA0025519D /* VenueResponse.swift */; };
		3F0AFA6825F3067D0025519D /* PerformersResponse.swift in Sources */ = {isa = PBXBuildFile; fileRef = 3F0AFA6725F3067D0025519D /* PerformersResponse.swift */; };
		3F0AFA7925F366800025519D /* EventsResponse.swift in Sources */ = {isa = PBXBuildFile; fileRef = 3F0AFA7825F366800025519D /* EventsResponse.swift */; };
		3F0AFA7E25F36D910025519D /* PerformerResponse.swift in Sources */ = {isa = PBXBuildFile; fileRef = 3F0AFA7D25F36D910025519D /* PerformerResponse.swift */; };
		3F0AFA8325F4675F0025519D /* DateFormat.swift in Sources */ = {isa = PBXBuildFile; fileRef = 3F0AFA8225F4675F0025519D /* DateFormat.swift */; };
		3F0AFA8B25F4BBA00025519D /* DetailViewController.swift in Sources */ = {isa = PBXBuildFile; fileRef = 3F0AFA8A25F4BB9F0025519D /* DetailViewController.swift */; };
		3F0AFA9A25F4D2F00025519D /* Event.swift in Sources */ = {isa = PBXBuildFile; fileRef = 3F0AFA9925F4D2F00025519D /* Event.swift */; };
		3F0AFAA525F56C530025519D /* CoreDataManager.swift in Sources */ = {isa = PBXBuildFile; fileRef = 3F0AFAA425F56C530025519D /* CoreDataManager.swift */; };
		3F0AFAB825F5F6360025519D /* CoreDataManagerTest.swift in Sources */ = {isa = PBXBuildFile; fileRef = 3F0AFAB625F5F6350025519D /* CoreDataManagerTest.swift */; };
		3F0AFAC125F5F8F00025519D /* MockAppDelegate.swift in Sources */ = {isa = PBXBuildFile; fileRef = 3F0AFAC025F5F8F00025519D /* MockAppDelegate.swift */; };
		3F0AFACB25F5FE110025519D /* Event.swift in Sources */ = {isa = PBXBuildFile; fileRef = 3F0AFA9925F4D2F00025519D /* Event.swift */; };
		3F0AFACF25F5FE150025519D /* CoreDataManager.swift in Sources */ = {isa = PBXBuildFile; fileRef = 3F0AFAA425F56C530025519D /* CoreDataManager.swift */; };
		3F0AFAD325F5FE190025519D /* Constant.swift in Sources */ = {isa = PBXBuildFile; fileRef = 3F0AFA5A25F2C2A00025519D /* Constant.swift */; };
		3F0AFAD725F5FE1F0025519D /* DateFormat.swift in Sources */ = {isa = PBXBuildFile; fileRef = 3F0AFA8225F4675F0025519D /* DateFormat.swift */; };
		3F0AFADB25F5FE280025519D /* VenueResponse.swift in Sources */ = {isa = PBXBuildFile; fileRef = 3F0AFA6225F305BA0025519D /* VenueResponse.swift */; };
		3F0AFADF25F5FE2D0025519D /* PerformersResponse.swift in Sources */ = {isa = PBXBuildFile; fileRef = 3F0AFA6725F3067D0025519D /* PerformersResponse.swift */; };
		3F0AFAE325F5FE310025519D /* EventsResponse.swift in Sources */ = {isa = PBXBuildFile; fileRef = 3F0AFA7825F366800025519D /* EventsResponse.swift */; };
		3F0AFAE725F5FE350025519D /* PerformerResponse.swift in Sources */ = {isa = PBXBuildFile; fileRef = 3F0AFA7D25F36D910025519D /* PerformerResponse.swift */; };
		3F0AFB2825F607BA0025519D /* Info.plist in Resources */ = {isa = PBXBuildFile; fileRef = 3F0AF9E725F2B4480025519D /* Info.plist */; };
		3F0AFB2D25F608600025519D /* Info.plist in Resources */ = {isa = PBXBuildFile; fileRef = 3F0AFB2C25F608600025519D /* Info.plist */; };
		3F0AFB3525F60A610025519D /* DateFormatTest.swift in Sources */ = {isa = PBXBuildFile; fileRef = 3F0AFB3425F60A610025519D /* DateFormatTest.swift */; };
		3F0AFB3925F60B940025519D /* Info.plist in Resources */ = {isa = PBXBuildFile; fileRef = 3F0AFB3825F60B940025519D /* Info.plist */; };
		3F0AFB3A25F60BB60025519D /* AppDelegate.swift in Sources */ = {isa = PBXBuildFile; fileRef = 3F0AF9D625F2B4450025519D /* AppDelegate.swift */; };
		3F0AFB3C25F60E130025519D /* EventsManagerTest.swift in Sources */ = {isa = PBXBuildFile; fileRef = 3F0AFB3B25F60E130025519D /* EventsManagerTest.swift */; };
		655CE148F337D7E8309D1D75 /* Pods_FetchRewardsZHL_FetchRewardsZHLUITests.framework in Frameworks */ = {isa = PBXBuildFile; fileRef = B4F749EB0973A72CF73CDD44 /* Pods_FetchRewardsZHL_FetchRewardsZHLUITests.framework */; };
		6CE2CB0654550E04EE7B9154 /* Pods_FetchRewardsZHLTests.framework in Frameworks */ = {isa = PBXBuildFile; fileRef = 6CEF5C0C13CC17F24B9ABB29 /* Pods_FetchRewardsZHLTests.framework */; };
		FEEDB355B6A79C8F6C20FA96 /* Pods_FetchRewardsZHL.framework in Frameworks */ = {isa = PBXBuildFile; fileRef = 31FAC8CC30789692D7AC8BF5 /* Pods_FetchRewardsZHL.framework */; };
/* End PBXBuildFile section */

/* Begin PBXContainerItemProxy section */
		3F0AF9ED25F2B4480025519D /* PBXContainerItemProxy */ = {
			isa = PBXContainerItemProxy;
			containerPortal = 3F0AF9CB25F2B4450025519D /* Project object */;
			proxyType = 1;
			remoteGlobalIDString = 3F0AF9D225F2B4450025519D;
			remoteInfo = FetchRewardsZHL;
		};
		3F0AF9F825F2B4480025519D /* PBXContainerItemProxy */ = {
			isa = PBXContainerItemProxy;
			containerPortal = 3F0AF9CB25F2B4450025519D /* Project object */;
			proxyType = 1;
			remoteGlobalIDString = 3F0AF9D225F2B4450025519D;
			remoteInfo = FetchRewardsZHL;
		};
/* End PBXContainerItemProxy section */

/* Begin PBXFileReference section */
		177FD089D6A791EE8EED723B /* Pods-FetchRewardsZHL.debug.xcconfig */ = {isa = PBXFileReference; includeInIndex = 1; lastKnownFileType = text.xcconfig; name = "Pods-FetchRewardsZHL.debug.xcconfig"; path = "Target Support Files/Pods-FetchRewardsZHL/Pods-FetchRewardsZHL.debug.xcconfig"; sourceTree = "<group>"; };
		24281F1CC7366A3E370D7526 /* Pods-FetchRewardsZHLTests.debug.xcconfig */ = {isa = PBXFileReference; includeInIndex = 1; lastKnownFileType = text.xcconfig; name = "Pods-FetchRewardsZHLTests.debug.xcconfig"; path = "Target Support Files/Pods-FetchRewardsZHLTests/Pods-FetchRewardsZHLTests.debug.xcconfig"; sourceTree = "<group>"; };
		2D88C2D62028CA37DC773936 /* Pods-FetchRewardsZHL-FetchRewardsZHLUITests.release.xcconfig */ = {isa = PBXFileReference; includeInIndex = 1; lastKnownFileType = text.xcconfig; name = "Pods-FetchRewardsZHL-FetchRewardsZHLUITests.release.xcconfig"; path = "Target Support Files/Pods-FetchRewardsZHL-FetchRewardsZHLUITests/Pods-FetchRewardsZHL-FetchRewardsZHLUITests.release.xcconfig"; sourceTree = "<group>"; };
		31FAC8CC30789692D7AC8BF5 /* Pods_FetchRewardsZHL.framework */ = {isa = PBXFileReference; explicitFileType = wrapper.framework; includeInIndex = 0; path = Pods_FetchRewardsZHL.framework; sourceTree = BUILT_PRODUCTS_DIR; };
		3F0AF9D325F2B4450025519D /* FetchRewardsZHL.app */ = {isa = PBXFileReference; explicitFileType = wrapper.application; includeInIndex = 0; path = FetchRewardsZHL.app; sourceTree = BUILT_PRODUCTS_DIR; };
		3F0AF9D625F2B4450025519D /* AppDelegate.swift */ = {isa = PBXFileReference; lastKnownFileType = sourcecode.swift; path = AppDelegate.swift; sourceTree = "<group>"; };
		3F0AF9D825F2B4450025519D /* SceneDelegate.swift */ = {isa = PBXFileReference; lastKnownFileType = sourcecode.swift; path = SceneDelegate.swift; sourceTree = "<group>"; };
		3F0AF9DA25F2B4450025519D /* ViewController.swift */ = {isa = PBXFileReference; lastKnownFileType = sourcecode.swift; path = ViewController.swift; sourceTree = "<group>"; };
		3F0AF9DD25F2B4450025519D /* Base */ = {isa = PBXFileReference; lastKnownFileType = file.storyboard; name = Base; path = Base.lproj/Main.storyboard; sourceTree = "<group>"; };
		3F0AF9E025F2B4450025519D /* FetchRewardsZHL.xcdatamodel */ = {isa = PBXFileReference; lastKnownFileType = wrapper.xcdatamodel; path = FetchRewardsZHL.xcdatamodel; sourceTree = "<group>"; };
		3F0AF9E225F2B4480025519D /* Assets.xcassets */ = {isa = PBXFileReference; lastKnownFileType = folder.assetcatalog; path = Assets.xcassets; sourceTree = "<group>"; };
		3F0AF9E525F2B4480025519D /* Base */ = {isa = PBXFileReference; lastKnownFileType = file.storyboard; name = Base; path = Base.lproj/LaunchScreen.storyboard; sourceTree = "<group>"; };
		3F0AF9E725F2B4480025519D /* Info.plist */ = {isa = PBXFileReference; lastKnownFileType = text.plist.xml; path = Info.plist; sourceTree = "<group>"; };
		3F0AF9EC25F2B4480025519D /* FetchRewardsZHLTests.xctest */ = {isa = PBXFileReference; explicitFileType = wrapper.cfbundle; includeInIndex = 0; path = FetchRewardsZHLTests.xctest; sourceTree = BUILT_PRODUCTS_DIR; };
		3F0AF9F725F2B4480025519D /* FetchRewardsZHLUITests.xctest */ = {isa = PBXFileReference; explicitFileType = wrapper.cfbundle; includeInIndex = 0; path = FetchRewardsZHLUITests.xctest; sourceTree = BUILT_PRODUCTS_DIR; };
		3F0AFA1C25F2B7930025519D /* Endpoints.swift */ = {isa = PBXFileReference; fileEncoding = 4; lastKnownFileType = sourcecode.swift; path = Endpoints.swift; sourceTree = "<group>"; };
		3F0AFA1D25F2B7930025519D /* DataManager.swift */ = {isa = PBXFileReference; fileEncoding = 4; lastKnownFileType = sourcecode.swift; path = DataManager.swift; sourceTree = "<group>"; };
		3F0AFA1F25F2B7940025519D /* EventsManager.swift */ = {isa = PBXFileReference; fileEncoding = 4; lastKnownFileType = sourcecode.swift; path = EventsManager.swift; sourceTree = "<group>"; };
		3F0AFA2125F2B7940025519D /* EventResponse.swift */ = {isa = PBXFileReference; fileEncoding = 4; lastKnownFileType = sourcecode.swift; path = EventResponse.swift; sourceTree = "<group>"; };
		3F0AFA2225F2B7940025519D /* Response.swift */ = {isa = PBXFileReference; fileEncoding = 4; lastKnownFileType = sourcecode.swift; path = Response.swift; sourceTree = "<group>"; };
		3F0AFA4925F2BBC10025519D /* TableViewCell.swift */ = {isa = PBXFileReference; lastKnownFileType = sourcecode.swift; path = TableViewCell.swift; sourceTree = "<group>"; };
		3F0AFA5A25F2C2A00025519D /* Constant.swift */ = {isa = PBXFileReference; lastKnownFileType = sourcecode.swift; path = Constant.swift; sourceTree = "<group>"; };
		3F0AFA6225F305BA0025519D /* VenueResponse.swift */ = {isa = PBXFileReference; lastKnownFileType = sourcecode.swift; path = VenueResponse.swift; sourceTree = "<group>"; };
		3F0AFA6725F3067D0025519D /* PerformersResponse.swift */ = {isa = PBXFileReference; lastKnownFileType = sourcecode.swift; path = PerformersResponse.swift; sourceTree = "<group>"; };
		3F0AFA7825F366800025519D /* EventsResponse.swift */ = {isa = PBXFileReference; lastKnownFileType = sourcecode.swift; path = EventsResponse.swift; sourceTree = "<group>"; };
		3F0AFA7D25F36D910025519D /* PerformerResponse.swift */ = {isa = PBXFileReference; lastKnownFileType = sourcecode.swift; path = PerformerResponse.swift; sourceTree = "<group>"; };
		3F0AFA8225F4675F0025519D /* DateFormat.swift */ = {isa = PBXFileReference; lastKnownFileType = sourcecode.swift; path = DateFormat.swift; sourceTree = "<group>"; };
		3F0AFA8A25F4BB9F0025519D /* DetailViewController.swift */ = {isa = PBXFileReference; lastKnownFileType = sourcecode.swift; path = DetailViewController.swift; sourceTree = "<group>"; };
		3F0AFA9925F4D2F00025519D /* Event.swift */ = {isa = PBXFileReference; lastKnownFileType = sourcecode.swift; path = Event.swift; sourceTree = "<group>"; };
		3F0AFAA425F56C530025519D /* CoreDataManager.swift */ = {isa = PBXFileReference; lastKnownFileType = sourcecode.swift; path = CoreDataManager.swift; sourceTree = "<group>"; };
		3F0AFAB625F5F6350025519D /* CoreDataManagerTest.swift */ = {isa = PBXFileReference; lastKnownFileType = sourcecode.swift; path = CoreDataManagerTest.swift; sourceTree = "<group>"; };
		3F0AFAC025F5F8F00025519D /* MockAppDelegate.swift */ = {isa = PBXFileReference; lastKnownFileType = sourcecode.swift; path = MockAppDelegate.swift; sourceTree = "<group>"; };
		3F0AFB2C25F608600025519D /* Info.plist */ = {isa = PBXFileReference; fileEncoding = 4; lastKnownFileType = text.plist.xml; path = Info.plist; sourceTree = "<group>"; };
		3F0AFB3425F60A610025519D /* DateFormatTest.swift */ = {isa = PBXFileReference; lastKnownFileType = sourcecode.swift; path = DateFormatTest.swift; sourceTree = "<group>"; };
		3F0AFB3825F60B940025519D /* Info.plist */ = {isa = PBXFileReference; fileEncoding = 4; lastKnownFileType = text.plist.xml; path = Info.plist; sourceTree = "<group>"; };
		3F0AFB3B25F60E130025519D /* EventsManagerTest.swift */ = {isa = PBXFileReference; lastKnownFileType = sourcecode.swift; path = EventsManagerTest.swift; sourceTree = "<group>"; };
		6CEF5C0C13CC17F24B9ABB29 /* Pods_FetchRewardsZHLTests.framework */ = {isa = PBXFileReference; explicitFileType = wrapper.framework; includeInIndex = 0; path = Pods_FetchRewardsZHLTests.framework; sourceTree = BUILT_PRODUCTS_DIR; };
		A42687A279FC63F7CB8FFA00 /* Pods-FetchRewardsZHL-FetchRewardsZHLUITests.debug.xcconfig */ = {isa = PBXFileReference; includeInIndex = 1; lastKnownFileType = text.xcconfig; name = "Pods-FetchRewardsZHL-FetchRewardsZHLUITests.debug.xcconfig"; path = "Target Support Files/Pods-FetchRewardsZHL-FetchRewardsZHLUITests/Pods-FetchRewardsZHL-FetchRewardsZHLUITests.debug.xcconfig"; sourceTree = "<group>"; };
		B4F749EB0973A72CF73CDD44 /* Pods_FetchRewardsZHL_FetchRewardsZHLUITests.framework */ = {isa = PBXFileReference; explicitFileType = wrapper.framework; includeInIndex = 0; path = Pods_FetchRewardsZHL_FetchRewardsZHLUITests.framework; sourceTree = BUILT_PRODUCTS_DIR; };
		BBD48551154AA41C866D3C1F /* Pods-FetchRewardsZHL.release.xcconfig */ = {isa = PBXFileReference; includeInIndex = 1; lastKnownFileType = text.xcconfig; name = "Pods-FetchRewardsZHL.release.xcconfig"; path = "Target Support Files/Pods-FetchRewardsZHL/Pods-FetchRewardsZHL.release.xcconfig"; sourceTree = "<group>"; };
		F1CF8FEFF81EC09E5D9AED84 /* Pods-FetchRewardsZHLTests.release.xcconfig */ = {isa = PBXFileReference; includeInIndex = 1; lastKnownFileType = text.xcconfig; name = "Pods-FetchRewardsZHLTests.release.xcconfig"; path = "Target Support Files/Pods-FetchRewardsZHLTests/Pods-FetchRewardsZHLTests.release.xcconfig"; sourceTree = "<group>"; };
/* End PBXFileReference section */

/* Begin PBXFrameworksBuildPhase section */
		3F0AF9D025F2B4450025519D /* Frameworks */ = {
			isa = PBXFrameworksBuildPhase;
			buildActionMask = 2147483647;
			files = (
				FEEDB355B6A79C8F6C20FA96 /* Pods_FetchRewardsZHL.framework in Frameworks */,
			);
			runOnlyForDeploymentPostprocessing = 0;
		};
		3F0AF9E925F2B4480025519D /* Frameworks */ = {
			isa = PBXFrameworksBuildPhase;
			buildActionMask = 2147483647;
			files = (
				6CE2CB0654550E04EE7B9154 /* Pods_FetchRewardsZHLTests.framework in Frameworks */,
			);
			runOnlyForDeploymentPostprocessing = 0;
		};
		3F0AF9F425F2B4480025519D /* Frameworks */ = {
			isa = PBXFrameworksBuildPhase;
			buildActionMask = 2147483647;
			files = (
				655CE148F337D7E8309D1D75 /* Pods_FetchRewardsZHL_FetchRewardsZHLUITests.framework in Frameworks */,
			);
			runOnlyForDeploymentPostprocessing = 0;
		};
/* End PBXFrameworksBuildPhase section */

/* Begin PBXGroup section */
		2B5DA3DA2F6582F4C741446D /* Pods */ = {
			isa = PBXGroup;
			children = (
				177FD089D6A791EE8EED723B /* Pods-FetchRewardsZHL.debug.xcconfig */,
				BBD48551154AA41C866D3C1F /* Pods-FetchRewardsZHL.release.xcconfig */,
				A42687A279FC63F7CB8FFA00 /* Pods-FetchRewardsZHL-FetchRewardsZHLUITests.debug.xcconfig */,
				2D88C2D62028CA37DC773936 /* Pods-FetchRewardsZHL-FetchRewardsZHLUITests.release.xcconfig */,
				24281F1CC7366A3E370D7526 /* Pods-FetchRewardsZHLTests.debug.xcconfig */,
				F1CF8FEFF81EC09E5D9AED84 /* Pods-FetchRewardsZHLTests.release.xcconfig */,
			);
			path = Pods;
			sourceTree = "<group>";
		};
		3F0AF9CA25F2B4450025519D = {
			isa = PBXGroup;
			children = (
				3F0AF9D525F2B4450025519D /* FetchRewardsZHL */,
				3F0AF9EF25F2B4480025519D /* FetchRewardsZHLTests */,
				3F0AF9FA25F2B4480025519D /* FetchRewardsZHLUITests */,
				3F0AF9D425F2B4450025519D /* Products */,
				2B5DA3DA2F6582F4C741446D /* Pods */,
				9DA24A00C187BB599B0CA5FD /* Frameworks */,
			);
			sourceTree = "<group>";
		};
		3F0AF9D425F2B4450025519D /* Products */ = {
			isa = PBXGroup;
			children = (
				3F0AF9D325F2B4450025519D /* FetchRewardsZHL.app */,
				3F0AF9EC25F2B4480025519D /* FetchRewardsZHLTests.xctest */,
				3F0AF9F725F2B4480025519D /* FetchRewardsZHLUITests.xctest */,
			);
			name = Products;
			sourceTree = "<group>";
		};
		3F0AF9D525F2B4450025519D /* FetchRewardsZHL */ = {
			isa = PBXGroup;
			children = (
				3F0AF9E725F2B4480025519D /* Info.plist */,
				3F0AFB0225F606720025519D /* Resources */,
				3F0AFAFB25F6064B0025519D /* Delegate */,
				3F0AFAFA25F606300025519D /* StoryBoard */,
				3F0AFAF925F6061C0025519D /* ViewController */,
				3F0AFA9825F4D2E20025519D /* Model */,
				3F0AFA8F25F4D04F0025519D /* Data */,
				3F0AFA5925F2C28A0025519D /* Constant */,
				3F0AFA3B25F2B8AD0025519D /* Reusable */,
				3F0AFA1525F2B7680025519D /* Network */,
			);
			path = FetchRewardsZHL;
			sourceTree = "<group>";
		};
		3F0AF9EF25F2B4480025519D /* FetchRewardsZHLTests */ = {
			isa = PBXGroup;
			children = (
				3F0AFB3825F60B940025519D /* Info.plist */,
				3F0AFABF25F5F8D40025519D /* Mocks */,
				3F0AFAB625F5F6350025519D /* CoreDataManagerTest.swift */,
				3F0AFB3425F60A610025519D /* DateFormatTest.swift */,
				3F0AFB3B25F60E130025519D /* EventsManagerTest.swift */,
			);
			path = FetchRewardsZHLTests;
			sourceTree = "<group>";
		};
		3F0AF9FA25F2B4480025519D /* FetchRewardsZHLUITests */ = {
			isa = PBXGroup;
			children = (
				3F0AFB2C25F608600025519D /* Info.plist */,
			);
			path = FetchRewardsZHLUITests;
			sourceTree = "<group>";
		};
		3F0AFA1525F2B7680025519D /* Network */ = {
			isa = PBXGroup;
			children = (
				3F0AFAEF25F605C70025519D /* Response */,
				3F0AFA1D25F2B7930025519D /* DataManager.swift */,
				3F0AFA1F25F2B7940025519D /* EventsManager.swift */,
				3F0AFA1C25F2B7930025519D /* Endpoints.swift */,
			);
			path = Network;
			sourceTree = "<group>";
		};
		3F0AFA3B25F2B8AD0025519D /* Reusable */ = {
			isa = PBXGroup;
			children = (
				3F0AFA4925F2BBC10025519D /* TableViewCell.swift */,
				3F0AFA8225F4675F0025519D /* DateFormat.swift */,
			);
			path = Reusable;
			sourceTree = "<group>";
		};
		3F0AFA5925F2C28A0025519D /* Constant */ = {
			isa = PBXGroup;
			children = (
				3F0AFA5A25F2C2A00025519D /* Constant.swift */,
			);
			path = Constant;
			sourceTree = "<group>";
		};
		3F0AFA8F25F4D04F0025519D /* Data */ = {
			isa = PBXGroup;
			children = (
				3F0AFAA425F56C530025519D /* CoreDataManager.swift */,
			);
			path = Data;
			sourceTree = "<group>";
		};
		3F0AFA9825F4D2E20025519D /* Model */ = {
			isa = PBXGroup;
			children = (
				3F0AFA9925F4D2F00025519D /* Event.swift */,
			);
			path = Model;
			sourceTree = "<group>";
		};
		3F0AFABF25F5F8D40025519D /* Mocks */ = {
			isa = PBXGroup;
			children = (
				3F0AFAC025F5F8F00025519D /* MockAppDelegate.swift */,
			);
			path = Mocks;
			sourceTree = "<group>";
		};
		3F0AFAEF25F605C70025519D /* Response */ = {
			isa = PBXGroup;
			children = (
				3F0AFA6225F305BA0025519D /* VenueResponse.swift */,
				3F0AFA7D25F36D910025519D /* PerformerResponse.swift */,
				3F0AFA6725F3067D0025519D /* PerformersResponse.swift */,
				3F0AFA7825F366800025519D /* EventsResponse.swift */,
				3F0AFA2125F2B7940025519D /* EventResponse.swift */,
				3F0AFA2225F2B7940025519D /* Response.swift */,
			);
			path = Response;
			sourceTree = "<group>";
		};
		3F0AFAF925F6061C0025519D /* ViewController */ = {
			isa = PBXGroup;
			children = (
				3F0AFA8A25F4BB9F0025519D /* DetailViewController.swift */,
				3F0AF9DA25F2B4450025519D /* ViewController.swift */,
			);
			path = ViewController;
			sourceTree = "<group>";
		};
		3F0AFAFA25F606300025519D /* StoryBoard */ = {
			isa = PBXGroup;
			children = (
				3F0AF9E425F2B4480025519D /* LaunchScreen.storyboard */,
				3F0AF9DC25F2B4450025519D /* Main.storyboard */,
			);
			path = StoryBoard;
			sourceTree = "<group>";
		};
		3F0AFAFB25F6064B0025519D /* Delegate */ = {
			isa = PBXGroup;
			children = (
				3F0AF9D625F2B4450025519D /* AppDelegate.swift */,
				3F0AF9D825F2B4450025519D /* SceneDelegate.swift */,
			);
			path = Delegate;
			sourceTree = "<group>";
		};
		3F0AFB0225F606720025519D /* Resources */ = {
			isa = PBXGroup;
			children = (
				3F0AF9E225F2B4480025519D /* Assets.xcassets */,
				3F0AF9DF25F2B4450025519D /* FetchRewardsZHL.xcdatamodeld */,
			);
			path = Resources;
			sourceTree = "<group>";
		};
		9DA24A00C187BB599B0CA5FD /* Frameworks */ = {
			isa = PBXGroup;
			children = (
				31FAC8CC30789692D7AC8BF5 /* Pods_FetchRewardsZHL.framework */,
				B4F749EB0973A72CF73CDD44 /* Pods_FetchRewardsZHL_FetchRewardsZHLUITests.framework */,
				6CEF5C0C13CC17F24B9ABB29 /* Pods_FetchRewardsZHLTests.framework */,
			);
			name = Frameworks;
			sourceTree = "<group>";
		};
/* End PBXGroup section */

/* Begin PBXNativeTarget section */
		3F0AF9D225F2B4450025519D /* FetchRewardsZHL */ = {
			isa = PBXNativeTarget;
			buildConfigurationList = 3F0AFA0025F2B4480025519D /* Build configuration list for PBXNativeTarget "FetchRewardsZHL" */;
			buildPhases = (
				05E6B6E822242D6B10C652E5 /* [CP] Check Pods Manifest.lock */,
				3F0AF9CF25F2B4450025519D /* Sources */,
				3F0AF9D025F2B4450025519D /* Frameworks */,
				3F0AF9D125F2B4450025519D /* Resources */,
				5A7B085FDC289D3E619A0791 /* [CP] Embed Pods Frameworks */,
			);
			buildRules = (
			);
			dependencies = (
			);
			name = FetchRewardsZHL;
			productName = FetchRewardsZHL;
			productReference = 3F0AF9D325F2B4450025519D /* FetchRewardsZHL.app */;
			productType = "com.apple.product-type.application";
		};
		3F0AF9EB25F2B4480025519D /* FetchRewardsZHLTests */ = {
			isa = PBXNativeTarget;
			buildConfigurationList = 3F0AFA0325F2B4480025519D /* Build configuration list for PBXNativeTarget "FetchRewardsZHLTests" */;
			buildPhases = (
				CD11D8BF8AE4DC09EC49732F /* [CP] Check Pods Manifest.lock */,
				3F0AF9E825F2B4480025519D /* Sources */,
				3F0AF9E925F2B4480025519D /* Frameworks */,
				3F0AF9EA25F2B4480025519D /* Resources */,
			);
			buildRules = (
			);
			dependencies = (
				3F0AF9EE25F2B4480025519D /* PBXTargetDependency */,
			);
			name = FetchRewardsZHLTests;
			productName = FetchRewardsZHLTests;
			productReference = 3F0AF9EC25F2B4480025519D /* FetchRewardsZHLTests.xctest */;
			productType = "com.apple.product-type.bundle.unit-test";
		};
		3F0AF9F625F2B4480025519D /* FetchRewardsZHLUITests */ = {
			isa = PBXNativeTarget;
			buildConfigurationList = 3F0AFA0625F2B4480025519D /* Build configuration list for PBXNativeTarget "FetchRewardsZHLUITests" */;
			buildPhases = (
				316BB997B7A7FB12ED637C4E /* [CP] Check Pods Manifest.lock */,
				3F0AF9F325F2B4480025519D /* Sources */,
				3F0AF9F425F2B4480025519D /* Frameworks */,
				3F0AF9F525F2B4480025519D /* Resources */,
				496D4C5AC4A0916BCF214FCD /* [CP] Embed Pods Frameworks */,
			);
			buildRules = (
			);
			dependencies = (
				3F0AF9F925F2B4480025519D /* PBXTargetDependency */,
			);
			name = FetchRewardsZHLUITests;
			productName = FetchRewardsZHLUITests;
			productReference = 3F0AF9F725F2B4480025519D /* FetchRewardsZHLUITests.xctest */;
			productType = "com.apple.product-type.bundle.ui-testing";
		};
/* End PBXNativeTarget section */

/* Begin PBXProject section */
		3F0AF9CB25F2B4450025519D /* Project object */ = {
			isa = PBXProject;
			attributes = {
				LastSwiftUpdateCheck = 1220;
				LastUpgradeCheck = 1220;
				TargetAttributes = {
					3F0AF9D225F2B4450025519D = {
						CreatedOnToolsVersion = 12.2;
					};
					3F0AF9EB25F2B4480025519D = {
						CreatedOnToolsVersion = 12.2;
						TestTargetID = 3F0AF9D225F2B4450025519D;
					};
					3F0AF9F625F2B4480025519D = {
						CreatedOnToolsVersion = 12.2;
						TestTargetID = 3F0AF9D225F2B4450025519D;
					};
				};
			};
			buildConfigurationList = 3F0AF9CE25F2B4450025519D /* Build configuration list for PBXProject "FetchRewardsZHL" */;
			compatibilityVersion = "Xcode 9.3";
			developmentRegion = en;
			hasScannedForEncodings = 0;
			knownRegions = (
				en,
				Base,
			);
			mainGroup = 3F0AF9CA25F2B4450025519D;
			productRefGroup = 3F0AF9D425F2B4450025519D /* Products */;
			projectDirPath = "";
			projectRoot = "";
			targets = (
				3F0AF9D225F2B4450025519D /* FetchRewardsZHL */,
				3F0AF9EB25F2B4480025519D /* FetchRewardsZHLTests */,
				3F0AF9F625F2B4480025519D /* FetchRewardsZHLUITests */,
			);
		};
/* End PBXProject section */

/* Begin PBXResourcesBuildPhase section */
		3F0AF9D125F2B4450025519D /* Resources */ = {
			isa = PBXResourcesBuildPhase;
			buildActionMask = 2147483647;
			files = (
				3F0AFB2825F607BA0025519D /* Info.plist in Resources */,
				3F0AF9E625F2B4480025519D /* LaunchScreen.storyboard in Resources */,
				3F0AF9E325F2B4480025519D /* Assets.xcassets in Resources */,
				3F0AF9DE25F2B4450025519D /* Main.storyboard in Resources */,
			);
			runOnlyForDeploymentPostprocessing = 0;
		};
		3F0AF9EA25F2B4480025519D /* Resources */ = {
			isa = PBXResourcesBuildPhase;
			buildActionMask = 2147483647;
			files = (
				3F0AFB3925F60B940025519D /* Info.plist in Resources */,
			);
			runOnlyForDeploymentPostprocessing = 0;
		};
		3F0AF9F525F2B4480025519D /* Resources */ = {
			isa = PBXResourcesBuildPhase;
			buildActionMask = 2147483647;
			files = (
				3F0AFB2D25F608600025519D /* Info.plist in Resources */,
			);
			runOnlyForDeploymentPostprocessing = 0;
		};
/* End PBXResourcesBuildPhase section */

/* Begin PBXShellScriptBuildPhase section */
		05E6B6E822242D6B10C652E5 /* [CP] Check Pods Manifest.lock */ = {
			isa = PBXShellScriptBuildPhase;
			buildActionMask = 2147483647;
			files = (
			);
			inputFileListPaths = (
			);
			inputPaths = (
				"${PODS_PODFILE_DIR_PATH}/Podfile.lock",
				"${PODS_ROOT}/Manifest.lock",
			);
			name = "[CP] Check Pods Manifest.lock";
			outputFileListPaths = (
			);
			outputPaths = (
				"$(DERIVED_FILE_DIR)/Pods-FetchRewardsZHL-checkManifestLockResult.txt",
			);
			runOnlyForDeploymentPostprocessing = 0;
			shellPath = /bin/sh;
			shellScript = "diff \"${PODS_PODFILE_DIR_PATH}/Podfile.lock\" \"${PODS_ROOT}/Manifest.lock\" > /dev/null\nif [ $? != 0 ] ; then\n    # print error to STDERR\n    echo \"error: The sandbox is not in sync with the Podfile.lock. Run 'pod install' or update your CocoaPods installation.\" >&2\n    exit 1\nfi\n# This output is used by Xcode 'outputs' to avoid re-running this script phase.\necho \"SUCCESS\" > \"${SCRIPT_OUTPUT_FILE_0}\"\n";
			showEnvVarsInLog = 0;
		};
		316BB997B7A7FB12ED637C4E /* [CP] Check Pods Manifest.lock */ = {
			isa = PBXShellScriptBuildPhase;
			buildActionMask = 2147483647;
			files = (
			);
			inputFileListPaths = (
			);
			inputPaths = (
				"${PODS_PODFILE_DIR_PATH}/Podfile.lock",
				"${PODS_ROOT}/Manifest.lock",
			);
			name = "[CP] Check Pods Manifest.lock";
			outputFileListPaths = (
			);
			outputPaths = (
				"$(DERIVED_FILE_DIR)/Pods-FetchRewardsZHL-FetchRewardsZHLUITests-checkManifestLockResult.txt",
			);
			runOnlyForDeploymentPostprocessing = 0;
			shellPath = /bin/sh;
			shellScript = "diff \"${PODS_PODFILE_DIR_PATH}/Podfile.lock\" \"${PODS_ROOT}/Manifest.lock\" > /dev/null\nif [ $? != 0 ] ; then\n    # print error to STDERR\n    echo \"error: The sandbox is not in sync with the Podfile.lock. Run 'pod install' or update your CocoaPods installation.\" >&2\n    exit 1\nfi\n# This output is used by Xcode 'outputs' to avoid re-running this script phase.\necho \"SUCCESS\" > \"${SCRIPT_OUTPUT_FILE_0}\"\n";
			showEnvVarsInLog = 0;
		};
		496D4C5AC4A0916BCF214FCD /* [CP] Embed Pods Frameworks */ = {
			isa = PBXShellScriptBuildPhase;
			buildActionMask = 2147483647;
			files = (
			);
			inputFileListPaths = (
				"${PODS_ROOT}/Target Support Files/Pods-FetchRewardsZHL-FetchRewardsZHLUITests/Pods-FetchRewardsZHL-FetchRewardsZHLUITests-frameworks-${CONFIGURATION}-input-files.xcfilelist",
			);
			name = "[CP] Embed Pods Frameworks";
			outputFileListPaths = (
				"${PODS_ROOT}/Target Support Files/Pods-FetchRewardsZHL-FetchRewardsZHLUITests/Pods-FetchRewardsZHL-FetchRewardsZHLUITests-frameworks-${CONFIGURATION}-output-files.xcfilelist",
			);
			runOnlyForDeploymentPostprocessing = 0;
			shellPath = /bin/sh;
			shellScript = "\"${PODS_ROOT}/Target Support Files/Pods-FetchRewardsZHL-FetchRewardsZHLUITests/Pods-FetchRewardsZHL-FetchRewardsZHLUITests-frameworks.sh\"\n";
			showEnvVarsInLog = 0;
		};
		5A7B085FDC289D3E619A0791 /* [CP] Embed Pods Frameworks */ = {
			isa = PBXShellScriptBuildPhase;
			buildActionMask = 2147483647;
			files = (
			);
			inputFileListPaths = (
				"${PODS_ROOT}/Target Support Files/Pods-FetchRewardsZHL/Pods-FetchRewardsZHL-frameworks-${CONFIGURATION}-input-files.xcfilelist",
			);
			name = "[CP] Embed Pods Frameworks";
			outputFileListPaths = (
				"${PODS_ROOT}/Target Support Files/Pods-FetchRewardsZHL/Pods-FetchRewardsZHL-frameworks-${CONFIGURATION}-output-files.xcfilelist",
			);
			runOnlyForDeploymentPostprocessing = 0;
			shellPath = /bin/sh;
			shellScript = "\"${PODS_ROOT}/Target Support Files/Pods-FetchRewardsZHL/Pods-FetchRewardsZHL-frameworks.sh\"\n";
			showEnvVarsInLog = 0;
		};
		CD11D8BF8AE4DC09EC49732F /* [CP] Check Pods Manifest.lock */ = {
			isa = PBXShellScriptBuildPhase;
			buildActionMask = 2147483647;
			files = (
			);
			inputFileListPaths = (
			);
			inputPaths = (
				"${PODS_PODFILE_DIR_PATH}/Podfile.lock",
				"${PODS_ROOT}/Manifest.lock",
			);
			name = "[CP] Check Pods Manifest.lock";
			outputFileListPaths = (
			);
			outputPaths = (
				"$(DERIVED_FILE_DIR)/Pods-FetchRewardsZHLTests-checkManifestLockResult.txt",
			);
			runOnlyForDeploymentPostprocessing = 0;
			shellPath = /bin/sh;
			shellScript = "diff \"${PODS_PODFILE_DIR_PATH}/Podfile.lock\" \"${PODS_ROOT}/Manifest.lock\" > /dev/null\nif [ $? != 0 ] ; then\n    # print error to STDERR\n    echo \"error: The sandbox is not in sync with the Podfile.lock. Run 'pod install' or update your CocoaPods installation.\" >&2\n    exit 1\nfi\n# This output is used by Xcode 'outputs' to avoid re-running this script phase.\necho \"SUCCESS\" > \"${SCRIPT_OUTPUT_FILE_0}\"\n";
			showEnvVarsInLog = 0;
		};
/* End PBXShellScriptBuildPhase section */

/* Begin PBXSourcesBuildPhase section */
		3F0AF9CF25F2B4450025519D /* Sources */ = {
			isa = PBXSourcesBuildPhase;
			buildActionMask = 2147483647;
			files = (
				3F0AFA8325F4675F0025519D /* DateFormat.swift in Sources */,
				3F0AFA4A25F2BBC10025519D /* TableViewCell.swift in Sources */,
				3F0AF9E125F2B4450025519D /* FetchRewardsZHL.xcdatamodeld in Sources */,
				3F0AFA6325F305BA0025519D /* VenueResponse.swift in Sources */,
				3F0AFA7925F366800025519D /* EventsResponse.swift in Sources */,
				3F0AFA2625F2B7940025519D /* DataManager.swift in Sources */,
				3F0AFA2A25F2B7940025519D /* EventsManager.swift in Sources */,
				3F0AF9DB25F2B4450025519D /* ViewController.swift in Sources */,
				3F0AF9D725F2B4450025519D /* AppDelegate.swift in Sources */,
				3F0AFA6825F3067D0025519D /* PerformersResponse.swift in Sources */,
				3F0AFA8B25F4BBA00025519D /* DetailViewController.swift in Sources */,
				3F0AFAA525F56C530025519D /* CoreDataManager.swift in Sources */,
				3F0AFA5B25F2C2A00025519D /* Constant.swift in Sources */,
				3F0AFA2E25F2B7940025519D /* EventResponse.swift in Sources */,
				3F0AF9D925F2B4450025519D /* SceneDelegate.swift in Sources */,
				3F0AFA3025F2B7940025519D /* Response.swift in Sources */,
				3F0AFA2425F2B7940025519D /* Endpoints.swift in Sources */,
				3F0AFA9A25F4D2F00025519D /* Event.swift in Sources */,
				3F0AFA7E25F36D910025519D /* PerformerResponse.swift in Sources */,
			);
			runOnlyForDeploymentPostprocessing = 0;
		};
		3F0AF9E825F2B4480025519D /* Sources */ = {
			isa = PBXSourcesBuildPhase;
			buildActionMask = 2147483647;
			files = (
				3F0AFAB825F5F6360025519D /* CoreDataManagerTest.swift in Sources */,
				3F0AFACB25F5FE110025519D /* Event.swift in Sources */,
				3F0AFADB25F5FE280025519D /* VenueResponse.swift in Sources */,
				3F0AFA3125F2B7940025519D /* Response.swift in Sources */,
				3F0AFA2B25F2B7940025519D /* EventsManager.swift in Sources */,
				3F0AFADF25F5FE2D0025519D /* PerformersResponse.swift in Sources */,
				3F0AFAD725F5FE1F0025519D /* DateFormat.swift in Sources */,
				3F0AFACF25F5FE150025519D /* CoreDataManager.swift in Sources */,
				3F0AFA2525F2B7940025519D /* Endpoints.swift in Sources */,
				3F0AFAC125F5F8F00025519D /* MockAppDelegate.swift in Sources */,
				3F0AFB3C25F60E130025519D /* EventsManagerTest.swift in Sources */,
				3F0AFAD325F5FE190025519D /* Constant.swift in Sources */,
				3F0AFAE725F5FE350025519D /* PerformerResponse.swift in Sources */,
				3F0AFB3A25F60BB60025519D /* AppDelegate.swift in Sources */,
				3F0AFB3525F60A610025519D /* DateFormatTest.swift in Sources */,
				3F0AFA4B25F2BBC10025519D /* TableViewCell.swift in Sources */,
				3F0AFAE325F5FE310025519D /* EventsResponse.swift in Sources */,
				3F0AFA2725F2B7940025519D /* DataManager.swift in Sources */,
				3F0AFA2F25F2B7940025519D /* EventResponse.swift in Sources */,
			);
			runOnlyForDeploymentPostprocessing = 0;
		};
		3F0AF9F325F2B4480025519D /* Sources */ = {
			isa = PBXSourcesBuildPhase;
			buildActionMask = 2147483647;
			files = (
				3F0AFA4C25F2BBC10025519D /* TableViewCell.swift in Sources */,
			);
			runOnlyForDeploymentPostprocessing = 0;
		};
/* End PBXSourcesBuildPhase section */

/* Begin PBXTargetDependency section */
		3F0AF9EE25F2B4480025519D /* PBXTargetDependency */ = {
			isa = PBXTargetDependency;
			target = 3F0AF9D225F2B4450025519D /* FetchRewardsZHL */;
			targetProxy = 3F0AF9ED25F2B4480025519D /* PBXContainerItemProxy */;
		};
		3F0AF9F925F2B4480025519D /* PBXTargetDependency */ = {
			isa = PBXTargetDependency;
			target = 3F0AF9D225F2B4450025519D /* FetchRewardsZHL */;
			targetProxy = 3F0AF9F825F2B4480025519D /* PBXContainerItemProxy */;
		};
/* End PBXTargetDependency section */

/* Begin PBXVariantGroup section */
		3F0AF9DC25F2B4450025519D /* Main.storyboard */ = {
			isa = PBXVariantGroup;
			children = (
				3F0AF9DD25F2B4450025519D /* Base */,
			);
			name = Main.storyboard;
			sourceTree = "<group>";
		};
		3F0AF9E425F2B4480025519D /* LaunchScreen.storyboard */ = {
			isa = PBXVariantGroup;
			children = (
				3F0AF9E525F2B4480025519D /* Base */,
			);
			name = LaunchScreen.storyboard;
			sourceTree = "<group>";
		};
/* End PBXVariantGroup section */

/* Begin XCBuildConfiguration section */
		3F0AF9FE25F2B4480025519D /* Debug */ = {
			isa = XCBuildConfiguration;
			buildSettings = {
				ALWAYS_SEARCH_USER_PATHS = NO;
				CLANG_ANALYZER_NONNULL = YES;
				CLANG_ANALYZER_NUMBER_OBJECT_CONVERSION = YES_AGGRESSIVE;
				CLANG_CXX_LANGUAGE_STANDARD = "gnu++14";
				CLANG_CXX_LIBRARY = "libc++";
				CLANG_ENABLE_MODULES = YES;
				CLANG_ENABLE_OBJC_ARC = YES;
				CLANG_ENABLE_OBJC_WEAK = YES;
				CLANG_WARN_BLOCK_CAPTURE_AUTORELEASING = YES;
				CLANG_WARN_BOOL_CONVERSION = YES;
				CLANG_WARN_COMMA = YES;
				CLANG_WARN_CONSTANT_CONVERSION = YES;
				CLANG_WARN_DEPRECATED_OBJC_IMPLEMENTATIONS = YES;
				CLANG_WARN_DIRECT_OBJC_ISA_USAGE = YES_ERROR;
				CLANG_WARN_DOCUMENTATION_COMMENTS = YES;
				CLANG_WARN_EMPTY_BODY = YES;
				CLANG_WARN_ENUM_CONVERSION = YES;
				CLANG_WARN_INFINITE_RECURSION = YES;
				CLANG_WARN_INT_CONVERSION = YES;
				CLANG_WARN_NON_LITERAL_NULL_CONVERSION = YES;
				CLANG_WARN_OBJC_IMPLICIT_RETAIN_SELF = YES;
				CLANG_WARN_OBJC_LITERAL_CONVERSION = YES;
				CLANG_WARN_OBJC_ROOT_CLASS = YES_ERROR;
				CLANG_WARN_QUOTED_INCLUDE_IN_FRAMEWORK_HEADER = YES;
				CLANG_WARN_RANGE_LOOP_ANALYSIS = YES;
				CLANG_WARN_STRICT_PROTOTYPES = YES;
				CLANG_WARN_SUSPICIOUS_MOVE = YES;
				CLANG_WARN_UNGUARDED_AVAILABILITY = YES_AGGRESSIVE;
				CLANG_WARN_UNREACHABLE_CODE = YES;
				CLANG_WARN__DUPLICATE_METHOD_MATCH = YES;
				COPY_PHASE_STRIP = NO;
				DEBUG_INFORMATION_FORMAT = dwarf;
				ENABLE_STRICT_OBJC_MSGSEND = YES;
				ENABLE_TESTABILITY = YES;
				GCC_C_LANGUAGE_STANDARD = gnu11;
				GCC_DYNAMIC_NO_PIC = NO;
				GCC_NO_COMMON_BLOCKS = YES;
				GCC_OPTIMIZATION_LEVEL = 0;
				GCC_PREPROCESSOR_DEFINITIONS = (
					"DEBUG=1",
					"$(inherited)",
				);
				GCC_WARN_64_TO_32_BIT_CONVERSION = YES;
				GCC_WARN_ABOUT_RETURN_TYPE = YES_ERROR;
				GCC_WARN_UNDECLARED_SELECTOR = YES;
				GCC_WARN_UNINITIALIZED_AUTOS = YES_AGGRESSIVE;
				GCC_WARN_UNUSED_FUNCTION = YES;
				GCC_WARN_UNUSED_VARIABLE = YES;
				IPHONEOS_DEPLOYMENT_TARGET = 12.0;
				MTL_ENABLE_DEBUG_INFO = INCLUDE_SOURCE;
				MTL_FAST_MATH = YES;
				ONLY_ACTIVE_ARCH = YES;
				SDKROOT = iphoneos;
				SWIFT_ACTIVE_COMPILATION_CONDITIONS = DEBUG;
				SWIFT_OPTIMIZATION_LEVEL = "-Onone";
			};
			name = Debug;
		};
		3F0AF9FF25F2B4480025519D /* Release */ = {
			isa = XCBuildConfiguration;
			buildSettings = {
				ALWAYS_SEARCH_USER_PATHS = NO;
				CLANG_ANALYZER_NONNULL = YES;
				CLANG_ANALYZER_NUMBER_OBJECT_CONVERSION = YES_AGGRESSIVE;
				CLANG_CXX_LANGUAGE_STANDARD = "gnu++14";
				CLANG_CXX_LIBRARY = "libc++";
				CLANG_ENABLE_MODULES = YES;
				CLANG_ENABLE_OBJC_ARC = YES;
				CLANG_ENABLE_OBJC_WEAK = YES;
				CLANG_WARN_BLOCK_CAPTURE_AUTORELEASING = YES;
				CLANG_WARN_BOOL_CONVERSION = YES;
				CLANG_WARN_COMMA = YES;
				CLANG_WARN_CONSTANT_CONVERSION = YES;
				CLANG_WARN_DEPRECATED_OBJC_IMPLEMENTATIONS = YES;
				CLANG_WARN_DIRECT_OBJC_ISA_USAGE = YES_ERROR;
				CLANG_WARN_DOCUMENTATION_COMMENTS = YES;
				CLANG_WARN_EMPTY_BODY = YES;
				CLANG_WARN_ENUM_CONVERSION = YES;
				CLANG_WARN_INFINITE_RECURSION = YES;
				CLANG_WARN_INT_CONVERSION = YES;
				CLANG_WARN_NON_LITERAL_NULL_CONVERSION = YES;
				CLANG_WARN_OBJC_IMPLICIT_RETAIN_SELF = YES;
				CLANG_WARN_OBJC_LITERAL_CONVERSION = YES;
				CLANG_WARN_OBJC_ROOT_CLASS = YES_ERROR;
				CLANG_WARN_QUOTED_INCLUDE_IN_FRAMEWORK_HEADER = YES;
				CLANG_WARN_RANGE_LOOP_ANALYSIS = YES;
				CLANG_WARN_STRICT_PROTOTYPES = YES;
				CLANG_WARN_SUSPICIOUS_MOVE = YES;
				CLANG_WARN_UNGUARDED_AVAILABILITY = YES_AGGRESSIVE;
				CLANG_WARN_UNREACHABLE_CODE = YES;
				CLANG_WARN__DUPLICATE_METHOD_MATCH = YES;
				COPY_PHASE_STRIP = NO;
				DEBUG_INFORMATION_FORMAT = "dwarf-with-dsym";
				ENABLE_NS_ASSERTIONS = NO;
				ENABLE_STRICT_OBJC_MSGSEND = YES;
				GCC_C_LANGUAGE_STANDARD = gnu11;
				GCC_NO_COMMON_BLOCKS = YES;
				GCC_WARN_64_TO_32_BIT_CONVERSION = YES;
				GCC_WARN_ABOUT_RETURN_TYPE = YES_ERROR;
				GCC_WARN_UNDECLARED_SELECTOR = YES;
				GCC_WARN_UNINITIALIZED_AUTOS = YES_AGGRESSIVE;
				GCC_WARN_UNUSED_FUNCTION = YES;
				GCC_WARN_UNUSED_VARIABLE = YES;
				IPHONEOS_DEPLOYMENT_TARGET = 12.0;
				MTL_ENABLE_DEBUG_INFO = NO;
				MTL_FAST_MATH = YES;
				SDKROOT = iphoneos;
				SWIFT_COMPILATION_MODE = wholemodule;
				SWIFT_OPTIMIZATION_LEVEL = "-O";
				VALIDATE_PRODUCT = YES;
			};
			name = Release;
		};
		3F0AFA0125F2B4480025519D /* Debug */ = {
			isa = XCBuildConfiguration;
			baseConfigurationReference = 177FD089D6A791EE8EED723B /* Pods-FetchRewardsZHL.debug.xcconfig */;
			buildSettings = {
				ASSETCATALOG_COMPILER_APPICON_NAME = AppIcon;
				ASSETCATALOG_COMPILER_GLOBAL_ACCENT_COLOR_NAME = AccentColor;
				CODE_SIGN_STYLE = Automatic;
				DEVELOPMENT_TEAM = 6EGW84ZSH4;
				INFOPLIST_FILE = FetchRewardsZHL/Info.plist;
				IPHONEOS_DEPLOYMENT_TARGET = 12.0;
				LD_RUNPATH_SEARCH_PATHS = (
					"$(inherited)",
					"@executable_path/Frameworks",
				);
				PRODUCT_BUNDLE_IDENTIFIER = Tee.Speak.FetchRewardsZHL;
				PRODUCT_NAME = "$(TARGET_NAME)";
				SWIFT_VERSION = 5.0;
				TARGETED_DEVICE_FAMILY = "1,2";
			};
			name = Debug;
		};
		3F0AFA0225F2B4480025519D /* Release */ = {
			isa = XCBuildConfiguration;
			baseConfigurationReference = BBD48551154AA41C866D3C1F /* Pods-FetchRewardsZHL.release.xcconfig */;
			buildSettings = {
				ASSETCATALOG_COMPILER_APPICON_NAME = AppIcon;
				ASSETCATALOG_COMPILER_GLOBAL_ACCENT_COLOR_NAME = AccentColor;
				CODE_SIGN_STYLE = Automatic;
				DEVELOPMENT_TEAM = 6EGW84ZSH4;
				INFOPLIST_FILE = FetchRewardsZHL/Info.plist;
				IPHONEOS_DEPLOYMENT_TARGET = 12.0;
				LD_RUNPATH_SEARCH_PATHS = (
					"$(inherited)",
					"@executable_path/Frameworks",
				);
				PRODUCT_BUNDLE_IDENTIFIER = Tee.Speak.FetchRewardsZHL;
				PRODUCT_NAME = "$(TARGET_NAME)";
				SWIFT_VERSION = 5.0;
				TARGETED_DEVICE_FAMILY = "1,2";
			};
			name = Release;
		};
		3F0AFA0425F2B4480025519D /* Debug */ = {
			isa = XCBuildConfiguration;
			baseConfigurationReference = 24281F1CC7366A3E370D7526 /* Pods-FetchRewardsZHLTests.debug.xcconfig */;
			buildSettings = {
				ALWAYS_EMBED_SWIFT_STANDARD_LIBRARIES = YES;
				BUNDLE_LOADER = "$(TEST_HOST)";
				CODE_SIGN_STYLE = Automatic;
				DEVELOPMENT_TEAM = 6EGW84ZSH4;
				INFOPLIST_FILE = FetchRewardsZHLTests/Info.plist;
				IPHONEOS_DEPLOYMENT_TARGET = 14.2;
				LD_RUNPATH_SEARCH_PATHS = (
					"$(inherited)",
					"@executable_path/Frameworks",
					"@loader_path/Frameworks",
				);
				PRODUCT_BUNDLE_IDENTIFIER = Tee.Speak.FetchRewardsZHLTests;
				PRODUCT_NAME = "$(TARGET_NAME)";
				SWIFT_VERSION = 5.0;
				TARGETED_DEVICE_FAMILY = "1,2";
				TEST_HOST = "$(BUILT_PRODUCTS_DIR)/FetchRewardsZHL.app/FetchRewardsZHL";
			};
			name = Debug;
		};
		3F0AFA0525F2B4480025519D /* Release */ = {
			isa = XCBuildConfiguration;
			baseConfigurationReference = F1CF8FEFF81EC09E5D9AED84 /* Pods-FetchRewardsZHLTests.release.xcconfig */;
			buildSettings = {
				ALWAYS_EMBED_SWIFT_STANDARD_LIBRARIES = YES;
				BUNDLE_LOADER = "$(TEST_HOST)";
				CODE_SIGN_STYLE = Automatic;
				DEVELOPMENT_TEAM = 6EGW84ZSH4;
				INFOPLIST_FILE = FetchRewardsZHLTests/Info.plist;
				IPHONEOS_DEPLOYMENT_TARGET = 14.2;
				LD_RUNPATH_SEARCH_PATHS = (
					"$(inherited)",
					"@executable_path/Frameworks",
					"@loader_path/Frameworks",
				);
				PRODUCT_BUNDLE_IDENTIFIER = Tee.Speak.FetchRewardsZHLTests;
				PRODUCT_NAME = "$(TARGET_NAME)";
				SWIFT_VERSION = 5.0;
				TARGETED_DEVICE_FAMILY = "1,2";
				TEST_HOST = "$(BUILT_PRODUCTS_DIR)/FetchRewardsZHL.app/FetchRewardsZHL";
			};
			name = Release;
		};
		3F0AFA0725F2B4480025519D /* Debug */ = {
			isa = XCBuildConfiguration;
			baseConfigurationReference = A42687A279FC63F7CB8FFA00 /* Pods-FetchRewardsZHL-FetchRewardsZHLUITests.debug.xcconfig */;
			buildSettings = {
				ALWAYS_EMBED_SWIFT_STANDARD_LIBRARIES = YES;
				CODE_SIGN_STYLE = Automatic;
				DEVELOPMENT_TEAM = 6EGW84ZSH4;
				INFOPLIST_FILE = FetchRewardsZHLUITests/Info.plist;
				LD_RUNPATH_SEARCH_PATHS = (
					"$(inherited)",
					"@executable_path/Frameworks",
					"@loader_path/Frameworks",
				);
				PRODUCT_BUNDLE_IDENTIFIER = Tee.Speak.FetchRewardsZHLUITests;
				PRODUCT_NAME = "$(TARGET_NAME)";
				SWIFT_VERSION = 5.0;
				TARGETED_DEVICE_FAMILY = "1,2";
				TEST_TARGET_NAME = FetchRewardsZHL;
			};
			name = Debug;
		};
		3F0AFA0825F2B4480025519D /* Release */ = {
			isa = XCBuildConfiguration;
			baseConfigurationReference = 2D88C2D62028CA37DC773936 /* Pods-FetchRewardsZHL-FetchRewardsZHLUITests.release.xcconfig */;
			buildSettings = {
				ALWAYS_EMBED_SWIFT_STANDARD_LIBRARIES = YES;
				CODE_SIGN_STYLE = Automatic;
				DEVELOPMENT_TEAM = 6EGW84ZSH4;
				INFOPLIST_FILE = FetchRewardsZHLUITests/Info.plist;
				LD_RUNPATH_SEARCH_PATHS = (
					"$(inherited)",
					"@executable_path/Frameworks",
					"@loader_path/Frameworks",
				);
				PRODUCT_BUNDLE_IDENTIFIER = Tee.Speak.FetchRewardsZHLUITests;
				PRODUCT_NAME = "$(TARGET_NAME)";
				SWIFT_VERSION = 5.0;
				TARGETED_DEVICE_FAMILY = "1,2";
				TEST_TARGET_NAME = FetchRewardsZHL;
			};
			name = Release;
		};
/* End XCBuildConfiguration section */

/* Begin XCConfigurationList section */
		3F0AF9CE25F2B4450025519D /* Build configuration list for PBXProject "FetchRewardsZHL" */ = {
			isa = XCConfigurationList;
			buildConfigurations = (
				3F0AF9FE25F2B4480025519D /* Debug */,
				3F0AF9FF25F2B4480025519D /* Release */,
			);
			defaultConfigurationIsVisible = 0;
			defaultConfigurationName = Release;
		};
		3F0AFA0025F2B4480025519D /* Build configuration list for PBXNativeTarget "FetchRewardsZHL" */ = {
			isa = XCConfigurationList;
			buildConfigurations = (
				3F0AFA0125F2B4480025519D /* Debug */,
				3F0AFA0225F2B4480025519D /* Release */,
			);
			defaultConfigurationIsVisible = 0;
			defaultConfigurationName = Release;
		};
		3F0AFA0325F2B4480025519D /* Build configuration list for PBXNativeTarget "FetchRewardsZHLTests" */ = {
			isa = XCConfigurationList;
			buildConfigurations = (
				3F0AFA0425F2B4480025519D /* Debug */,
				3F0AFA0525F2B4480025519D /* Release */,
			);
			defaultConfigurationIsVisible = 0;
			defaultConfigurationName = Release;
		};
		3F0AFA0625F2B4480025519D /* Build configuration list for PBXNativeTarget "FetchRewardsZHLUITests" */ = {
			isa = XCConfigurationList;
			buildConfigurations = (
				3F0AFA0725F2B4480025519D /* Debug */,
				3F0AFA0825F2B4480025519D /* Release */,
			);
			defaultConfigurationIsVisible = 0;
			defaultConfigurationName = Release;
		};
/* End XCConfigurationList section */

/* Begin XCVersionGroup section */
		3F0AF9DF25F2B4450025519D /* FetchRewardsZHL.xcdatamodeld */ = {
			isa = XCVersionGroup;
			children = (
				3F0AF9E025F2B4450025519D /* FetchRewardsZHL.xcdatamodel */,
			);
			currentVersion = 3F0AF9E025F2B4450025519D /* FetchRewardsZHL.xcdatamodel */;
			path = FetchRewardsZHL.xcdatamodeld;
			sourceTree = "<group>";
			versionGroupType = wrapper.xcdatamodel;
		};
/* End XCVersionGroup section */
	};
	rootObject = 3F0AF9CB25F2B4450025519D /* Project object */;
}
